// !$*UTF8*$!
{
	archiveVersion = 1;
	classes = {
	};
	objectVersion = 50;
	objects = {

/* Begin PBXBuildFile section */
		BDF911AC25BD21F600D720EE /* AppDelegate.swift in Sources */ = {isa = PBXBuildFile; fileRef = BDF911AB25BD21F600D720EE /* AppDelegate.swift */; };
		BDF911AE25BD21F600D720EE /* SceneDelegate.swift in Sources */ = {isa = PBXBuildFile; fileRef = BDF911AD25BD21F600D720EE /* SceneDelegate.swift */; };
		BDF911B025BD21F600D720EE /* ViewController.swift in Sources */ = {isa = PBXBuildFile; fileRef = BDF911AF25BD21F600D720EE /* ViewController.swift */; };
		BDF911B325BD21F600D720EE /* Main.storyboard in Resources */ = {isa = PBXBuildFile; fileRef = BDF911B125BD21F600D720EE /* Main.storyboard */; };
		BDF911B625BD21F600D720EE /* BasicMemo.xcdatamodeld in Sources */ = {isa = PBXBuildFile; fileRef = BDF911B425BD21F600D720EE /* BasicMemo.xcdatamodeld */; };
		BDF911B825BD21F900D720EE /* Assets.xcassets in Resources */ = {isa = PBXBuildFile; fileRef = BDF911B725BD21F900D720EE /* Assets.xcassets */; };
		BDF911BB25BD21F900D720EE /* LaunchScreen.storyboard in Resources */ = {isa = PBXBuildFile; fileRef = BDF911B925BD21F900D720EE /* LaunchScreen.storyboard */; };
/* End PBXBuildFile section */

/* Begin PBXFileReference section */
		BDF911A825BD21F600D720EE /* BasicMemo.app */ = {isa = PBXFileReference; explicitFileType = wrapper.application; includeInIndex = 0; path = BasicMemo.app; sourceTree = BUILT_PRODUCTS_DIR; };
		BDF911AB25BD21F600D720EE /* AppDelegate.swift */ = {isa = PBXFileReference; lastKnownFileType = sourcecode.swift; path = AppDelegate.swift; sourceTree = "<group>"; };
		BDF911AD25BD21F600D720EE /* SceneDelegate.swift */ = {isa = PBXFileReference; lastKnownFileType = sourcecode.swift; path = SceneDelegate.swift; sourceTree = "<group>"; };
		BDF911AF25BD21F600D720EE /* ViewController.swift */ = {isa = PBXFileReference; lastKnownFileType = sourcecode.swift; path = ViewController.swift; sourceTree = "<group>"; };
		BDF911B225BD21F600D720EE /* Base */ = {isa = PBXFileReference; lastKnownFileType = file.storyboard; name = Base; path = Base.lproj/Main.storyboard; sourceTree = "<group>"; };
		BDF911B525BD21F600D720EE /* BasicMemo.xcdatamodel */ = {isa = PBXFileReference; lastKnownFileType = wrapper.xcdatamodel; path = BasicMemo.xcdatamodel; sourceTree = "<group>"; };
		BDF911B725BD21F900D720EE /* Assets.xcassets */ = {isa = PBXFileReference; lastKnownFileType = folder.assetcatalog; path = Assets.xcassets; sourceTree = "<group>"; };
		BDF911BA25BD21F900D720EE /* Base */ = {isa = PBXFileReference; lastKnownFileType = file.storyboard; name = Base; path = Base.lproj/LaunchScreen.storyboard; sourceTree = "<group>"; };
		BDF911BC25BD21F900D720EE /* Info.plist */ = {isa = PBXFileReference; lastKnownFileType = text.plist.xml; path = Info.plist; sourceTree = "<group>"; };
/* End PBXFileReference section */

/* Begin PBXFrameworksBuildPhase section */
		BDF911A525BD21F600D720EE /* Frameworks */ = {
			isa = PBXFrameworksBuildPhase;
			buildActionMask = 2147483647;
			files = (
			);
			runOnlyForDeploymentPostprocessing = 0;
		};
/* End PBXFrameworksBuildPhase section */

/* Begin PBXGroup section */
		BDF9119F25BD21F600D720EE = {
			isa = PBXGroup;
			children = (
				BDF911AA25BD21F600D720EE /* BasicMemo */,
				BDF911A925BD21F600D720EE /* Products */,
			);
			sourceTree = "<group>";
		};
		BDF911A925BD21F600D720EE /* Products */ = {
			isa = PBXGroup;
			children = (
				BDF911A825BD21F600D720EE /* BasicMemo.app */,
			);
			name = Products;
			sourceTree = "<group>";
		};
		BDF911AA25BD21F600D720EE /* BasicMemo */ = {
			isa = PBXGroup;
			children = (
				BDF911AB25BD21F600D720EE /* AppDelegate.swift */,
				BDF911AD25BD21F600D720EE /* SceneDelegate.swift */,
				BDF911AF25BD21F600D720EE /* ViewController.swift */,
				BDF911B125BD21F600D720EE /* Main.storyboard */,
				BDF911B725BD21F900D720EE /* Assets.xcassets */,
				BDF911B925BD21F900D720EE /* LaunchScreen.storyboard */,
				BDF911BC25BD21F900D720EE /* Info.plist */,
				BDF911B425BD21F600D720EE /* BasicMemo.xcdatamodeld */,
			);
			path = BasicMemo;
			sourceTree = "<group>";
		};
/* End PBXGroup section */

/* Begin PBXNativeTarget section */
		BDF911A725BD21F600D720EE /* BasicMemo */ = {
			isa = PBXNativeTarget;
			buildConfigurationList = BDF911BF25BD21F900D720EE /* Build configuration list for PBXNativeTarget "BasicMemo" */;
			buildPhases = (
				BDF911A425BD21F600D720EE /* Sources */,
				BDF911A525BD21F600D720EE /* Frameworks */,
				BDF911A625BD21F600D720EE /* Resources */,
			);
			buildRules = (
			);
			dependencies = (
			);
			name = BasicMemo;
			productName = BasicMemo;
			productReference = BDF911A825BD21F600D720EE /* BasicMemo.app */;
			productType = "com.apple.product-type.application";
		};
/* End PBXNativeTarget section */

/* Begin PBXProject section */
		BDF911A025BD21F600D720EE /* Project object */ = {
			isa = PBXProject;
			attributes = {
				LastSwiftUpdateCheck = 1230;
				LastUpgradeCheck = 1230;
				TargetAttributes = {
					BDF911A725BD21F600D720EE = {
						CreatedOnToolsVersion = 12.3;
					};
				};
			};
			buildConfigurationList = BDF911A325BD21F600D720EE /* Build configuration list for PBXProject "BasicMemo" */;
			compatibilityVersion = "Xcode 9.3";
			developmentRegion = en;
			hasScannedForEncodings = 0;
			knownRegions = (
				en,
				Base,
			);
			mainGroup = BDF9119F25BD21F600D720EE;
			productRefGroup = BDF911A925BD21F600D720EE /* Products */;
			projectDirPath = "";
			projectRoot = "";
			targets = (
				BDF911A725BD21F600D720EE /* BasicMemo */,
			);
		};
/* End PBXProject section */

/* Begin PBXResourcesBuildPhase section */
		BDF911A625BD21F600D720EE /* Resources */ = {
			isa = PBXResourcesBuildPhase;
			buildActionMask = 2147483647;
			files = (
				BDF911BB25BD21F900D720EE /* LaunchScreen.storyboard in Resources */,
				BDF911B825BD21F900D720EE /* Assets.xcassets in Resources */,
				BDF911B325BD21F600D720EE /* Main.storyboard in Resources */,
			);
			runOnlyForDeploymentPostprocessing = 0;
		};
/* End PBXResourcesBuildPhase section */

/* Begin PBXSourcesBuildPhase section */
		BDF911A425BD21F600D720EE /* Sources */ = {
			isa = PBXSourcesBuildPhase;
			buildActionMask = 2147483647;
			files = (
				BDF911B025BD21F600D720EE /* ViewController.swift in Sources */,
				BDF911AC25BD21F600D720EE /* AppDelegate.swift in Sources */,
				BDF911B625BD21F600D720EE /* BasicMemo.xcdatamodeld in Sources */,
				BDF911AE25BD21F600D720EE /* SceneDelegate.swift in Sources */,
			);
			runOnlyForDeploymentPostprocessing = 0;
		};
/* End PBXSourcesBuildPhase section */

/* Begin PBXVariantGroup section */
		BDF911B125BD21F600D720EE /* Main.storyboard */ = {
			isa = PBXVariantGroup;
			children = (
				BDF911B225BD21F600D720EE /* Base */,
			);
			name = Main.storyboard;
			sourceTree = "<group>";
		};
		BDF911B925BD21F900D720EE /* LaunchScreen.storyboard */ = {
			isa = PBXVariantGroup;
			children = (
				BDF911BA25BD21F900D720EE /* Base */,
			);
			name = LaunchScreen.storyboard;
			sourceTree = "<group>";
		};
/* End PBXVariantGroup section */

/* Begin XCBuildConfiguration section */
		BDF911BD25BD21F900D720EE /* Debug */ = {
			isa = XCBuildConfiguration;
			buildSettings = {
				ALWAYS_SEARCH_USER_PATHS = NO;
				CLANG_ANALYZER_NONNULL = YES;
				CLANG_ANALYZER_NUMBER_OBJECT_CONVERSION = YES_AGGRESSIVE;
				CLANG_CXX_LANGUAGE_STANDARD = "gnu++14";
				CLANG_CXX_LIBRARY = "libc++";
				CLANG_ENABLE_MODULES = YES;
				CLANG_ENABLE_OBJC_ARC = YES;
				CLANG_ENABLE_OBJC_WEAK = YES;
				CLANG_WARN_BLOCK_CAPTURE_AUTORELEASING = YES;
				CLANG_WARN_BOOL_CONVERSION = YES;
				CLANG_WARN_COMMA = YES;
				CLANG_WARN_CONSTANT_CONVERSION = YES;
				CLANG_WARN_DEPRECATED_OBJC_IMPLEMENTATIONS = YES;
				CLANG_WARN_DIRECT_OBJC_ISA_USAGE = YES_ERROR;
				CLANG_WARN_DOCUMENTATION_COMMENTS = YES;
				CLANG_WARN_EMPTY_BODY = YES;
				CLANG_WARN_ENUM_CONVERSION = YES;
				CLANG_WARN_INFINITE_RECURSION = YES;
				CLANG_WARN_INT_CONVERSION = YES;
				CLANG_WARN_NON_LITERAL_NULL_CONVERSION = YES;
				CLANG_WARN_OBJC_IMPLICIT_RETAIN_SELF = YES;
				CLANG_WARN_OBJC_LITERAL_CONVERSION = YES;
				CLANG_WARN_OBJC_ROOT_CLASS = YES_ERROR;
				CLANG_WARN_QUOTED_INCLUDE_IN_FRAMEWORK_HEADER = YES;
				CLANG_WARN_RANGE_LOOP_ANALYSIS = YES;
				CLANG_WARN_STRICT_PROTOTYPES = YES;
				CLANG_WARN_SUSPICIOUS_MOVE = YES;
				CLANG_WARN_UNGUARDED_AVAILABILITY = YES_AGGRESSIVE;
				CLANG_WARN_UNREACHABLE_CODE = YES;
				CLANG_WARN__DUPLICATE_METHOD_MATCH = YES;
				COPY_PHASE_STRIP = NO;
				DEBUG_INFORMATION_FORMAT = dwarf;
				ENABLE_STRICT_OBJC_MSGSEND = YES;
				ENABLE_TESTABILITY = YES;
				GCC_C_LANGUAGE_STANDARD = gnu11;
				GCC_DYNAMIC_NO_PIC = NO;
				GCC_NO_COMMON_BLOCKS = YES;
				GCC_OPTIMIZATION_LEVEL = 0;
				GCC_PREPROCESSOR_DEFINITIONS = (
					"DEBUG=1",
					"$(inherited)",
				);
				GCC_WARN_64_TO_32_BIT_CONVERSION = YES;
				GCC_WARN_ABOUT_RETURN_TYPE = YES_ERROR;
				GCC_WARN_UNDECLARED_SELECTOR = YES;
				GCC_WARN_UNINITIALIZED_AUTOS = YES_AGGRESSIVE;
				GCC_WARN_UNUSED_FUNCTION = YES;
				GCC_WARN_UNUSED_VARIABLE = YES;
				IPHONEOS_DEPLOYMENT_TARGET = 14.3;
				MTL_ENABLE_DEBUG_INFO = INCLUDE_SOURCE;
				MTL_FAST_MATH = YES;
				ONLY_ACTIVE_ARCH = YES;
				SDKROOT = iphoneos;
				SWIFT_ACTIVE_COMPILATION_CONDITIONS = DEBUG;
				SWIFT_OPTIMIZATION_LEVEL = "-Onone";
			};
			name = Debug;
		};
		BDF911BE25BD21F900D720EE /* Release */ = {
			isa = XCBuildConfiguration;
			buildSettings = {
				ALWAYS_SEARCH_USER_PATHS = NO;
				CLANG_ANALYZER_NONNULL = YES;
				CLANG_ANALYZER_NUMBER_OBJECT_CONVERSION = YES_AGGRESSIVE;
				CLANG_CXX_LANGUAGE_STANDARD = "gnu++14";
				CLANG_CXX_LIBRARY = "libc++";
				CLANG_ENABLE_MODULES = YES;
				CLANG_ENABLE_OBJC_ARC = YES;
				CLANG_ENABLE_OBJC_WEAK = YES;
				CLANG_WARN_BLOCK_CAPTURE_AUTORELEASING = YES;
				CLANG_WARN_BOOL_CONVERSION = YES;
				CLANG_WARN_COMMA = YES;
				CLANG_WARN_CONSTANT_CONVERSION = YES;
				CLANG_WARN_DEPRECATED_OBJC_IMPLEMENTATIONS = YES;
				CLANG_WARN_DIRECT_OBJC_ISA_USAGE = YES_ERROR;
				CLANG_WARN_DOCUMENTATION_COMMENTS = YES;
				CLANG_WARN_EMPTY_BODY = YES;
				CLANG_WARN_ENUM_CONVERSION = YES;
				CLANG_WARN_INFINITE_RECURSION = YES;
				CLANG_WARN_INT_CONVERSION = YES;
				CLANG_WARN_NON_LITERAL_NULL_CONVERSION = YES;
				CLANG_WARN_OBJC_IMPLICIT_RETAIN_SELF = YES;
				CLANG_WARN_OBJC_LITERAL_CONVERSION = YES;
				CLANG_WARN_OBJC_ROOT_CLASS = YES_ERROR;
				CLANG_WARN_QUOTED_INCLUDE_IN_FRAMEWORK_HEADER = YES;
				CLANG_WARN_RANGE_LOOP_ANALYSIS = YES;
				CLANG_WARN_STRICT_PROTOTYPES = YES;
				CLANG_WARN_SUSPICIOUS_MOVE = YES;
				CLANG_WARN_UNGUARDED_AVAILABILITY = YES_AGGRESSIVE;
				CLANG_WARN_UNREACHABLE_CODE = YES;
				CLANG_WARN__DUPLICATE_METHOD_MATCH = YES;
				COPY_PHASE_STRIP = NO;
				DEBUG_INFORMATION_FORMAT = "dwarf-with-dsym";
				ENABLE_NS_ASSERTIONS = NO;
				ENABLE_STRICT_OBJC_MSGSEND = YES;
				GCC_C_LANGUAGE_STANDARD = gnu11;
				GCC_NO_COMMON_BLOCKS = YES;
				GCC_WARN_64_TO_32_BIT_CONVERSION = YES;
				GCC_WARN_ABOUT_RETURN_TYPE = YES_ERROR;
				GCC_WARN_UNDECLARED_SELECTOR = YES;
				GCC_WARN_UNINITIALIZED_AUTOS = YES_AGGRESSIVE;
				GCC_WARN_UNUSED_FUNCTION = YES;
				GCC_WARN_UNUSED_VARIABLE = YES;
				IPHONEOS_DEPLOYMENT_TARGET = 14.3;
				MTL_ENABLE_DEBUG_INFO = NO;
				MTL_FAST_MATH = YES;
				SDKROOT = iphoneos;
				SWIFT_COMPILATION_MODE = wholemodule;
				SWIFT_OPTIMIZATION_LEVEL = "-O";
				VALIDATE_PRODUCT = YES;
			};
			name = Release;
		};
		BDF911C025BD21F900D720EE /* Debug */ = {
			isa = XCBuildConfiguration;
			buildSettings = {
				ASSETCATALOG_COMPILER_APPICON_NAME = AppIcon;
				ASSETCATALOG_COMPILER_GLOBAL_ACCENT_COLOR_NAME = AccentColor;
				CODE_SIGN_STYLE = Automatic;
				INFOPLIST_FILE = BasicMemo/Info.plist;
				IPHONEOS_DEPLOYMENT_TARGET = 10.0;
				LD_RUNPATH_SEARCH_PATHS = (
					"$(inherited)",
					"@executable_path/Frameworks",
				);
				PRODUCT_BUNDLE_IDENTIFIER = chmini.BasicMemo;
				PRODUCT_NAME = "$(TARGET_NAME)";
				SWIFT_VERSION = 5.0;
				TARGETED_DEVICE_FAMILY = "1,2";
			};
			name = Debug;
		};
		BDF911C125BD21F900D720EE /* Release */ = {
			isa = XCBuildConfiguration;
			buildSettings = {
				ASSETCATALOG_COMPILER_APPICON_NAME = AppIcon;
				ASSETCATALOG_COMPILER_GLOBAL_ACCENT_COLOR_NAME = AccentColor;
				CODE_SIGN_STYLE = Automatic;
				INFOPLIST_FILE = BasicMemo/Info.plist;
				IPHONEOS_DEPLOYMENT_TARGET = 10.0;
				LD_RUNPATH_SEARCH_PATHS = (
					"$(inherited)",
					"@executable_path/Frameworks",
				);
				PRODUCT_BUNDLE_IDENTIFIER = chmini.BasicMemo;
				PRODUCT_NAME = "$(TARGET_NAME)";
				SWIFT_VERSION = 5.0;
				TARGETED_DEVICE_FAMILY = "1,2";
			};
			name = Release;
		};
/* End XCBuildConfiguration section */

/* Begin XCConfigurationList section */
		BDF911A325BD21F600D720EE /* Build configuration list for PBXProject "BasicMemo" */ = {
			isa = XCConfigurationList;
			buildConfigurations = (
				BDF911BD25BD21F900D720EE /* Debug */,
				BDF911BE25BD21F900D720EE /* Release */,
			);
			defaultConfigurationIsVisible = 0;
			defaultConfigurationName = Release;
		};
		BDF911BF25BD21F900D720EE /* Build configuration list for PBXNativeTarget "BasicMemo" */ = {
			isa = XCConfigurationList;
			buildConfigurations = (
				BDF911C025BD21F900D720EE /* Debug */,
				BDF911C125BD21F900D720EE /* Release */,
			);
			defaultConfigurationIsVisible = 0;
			defaultConfigurationName = Release;
		};
/* End XCConfigurationList section */

/* Begin XCVersionGroup section */
		BDF911B425BD21F600D720EE /* BasicMemo.xcdatamodeld */ = {
			isa = XCVersionGroup;
			children = (
				BDF911B525BD21F600D720EE /* BasicMemo.xcdatamodel */,
			);
			currentVersion = BDF911B525BD21F600D720EE /* BasicMemo.xcdatamodel */;
			path = BasicMemo.xcdatamodeld;
			sourceTree = "<group>";
			versionGroupType = wrapper.xcdatamodel;
		};
/* End XCVersionGroup section */
	};
	rootObject = BDF911A025BD21F600D720EE /* Project object */;
}
